
Microsoft Visual Studio Solution File, Format Version 12.00
# Visual Studio Version 17
VisualStudioVersion = 17.3.32825.248
MinimumVisualStudioVersion = 10.0.40219.1
Project("{FAE04EC0-301F-11D3-BF4B-00C04F79EFBC}") = "PL", "PL\PL.csproj", "{54C9DBAE-D16A-4E04-B2C0-E652D9D78F54}"
EndProject
Project("{FAE04EC0-301F-11D3-BF4B-00C04F79EFBC}") = "BL", "BL\BL.csproj", "{FA7EFA07-13D4-493E-91B4-C82F3FEA7E64}"
EndProject
Project("{FAE04EC0-301F-11D3-BF4B-00C04F79EFBC}") = "DL", "DL\DL.csproj", "{1C3AFC5F-80F2-4607-AA94-2E9678B4C0A0}"
EndProject
Project("{FAE04EC0-301F-11D3-BF4B-00C04F79EFBC}") = "ML", "ML\ML.csproj", "{3CC70C2F-22AF-455B-983E-F81901007EDB}"
EndProject
Project("{FAE04EC0-301F-11D3-BF4B-00C04F79EFBC}") = "DL_EF", "DL_EF\DL_EF.csproj", "{5E660809-60A4-4E11-ABD5-EED078FD7D27}"
EndProject
Project("{FAE04EC0-301F-11D3-BF4B-00C04F79EFBC}") = "PL_MVC", "PL_MVC4\PL_MVC.csproj", "{9CE2C7B1-4AA1-4825-A977-2CD7248395EE}"
	ProjectSection(ProjectDependencies) = postProject
		{2BFA40AF-17D2-43F7-A790-580F8EDDE2A2} = {2BFA40AF-17D2-43F7-A790-580F8EDDE2A2}
	EndProjectSection
EndProject
Project("{FAE04EC0-301F-11D3-BF4B-00C04F79EFBC}") = "SL_WCF", "SL_WCF\SL_WCF.csproj", "{2BFA40AF-17D2-43F7-A790-580F8EDDE2A2}"
EndProject
Global
	GlobalSection(SolutionConfigurationPlatforms) = preSolution
		Debug|Any CPU = Debug|Any CPU
		Release|Any CPU = Release|Any CPU
	EndGlobalSection
	GlobalSection(ProjectConfigurationPlatforms) = postSolution
		{54C9DBAE-D16A-4E04-B2C0-E652D9D78F54}.Debug|Any CPU.ActiveCfg = Debug|Any CPU
		{54C9DBAE-D16A-4E04-B2C0-E652D9D78F54}.Debug|Any CPU.Build.0 = Debug|Any CPU
		{54C9DBAE-D16A-4E04-B2C0-E652D9D78F54}.Release|Any CPU.ActiveCfg = Release|Any CPU
		{54C9DBAE-D16A-4E04-B2C0-E652D9D78F54}.Release|Any CPU.Build.0 = Release|Any CPU
		{FA7EFA07-13D4-493E-91B4-C82F3FEA7E64}.Debug|Any CPU.ActiveCfg = Debug|Any CPU
		{FA7EFA07-13D4-493E-91B4-C82F3FEA7E64}.Debug|Any CPU.Build.0 = Debug|Any CPU
		{FA7EFA07-13D4-493E-91B4-C82F3FEA7E64}.Release|Any CPU.ActiveCfg = Release|Any CPU
		{FA7EFA07-13D4-493E-91B4-C82F3FEA7E64}.Release|Any CPU.Build.0 = Release|Any CPU
		{1C3AFC5F-80F2-4607-AA94-2E9678B4C0A0}.Debug|Any CPU.ActiveCfg = Debug|Any CPU
		{1C3AFC5F-80F2-4607-AA94-2E9678B4C0A0}.Debug|Any CPU.Build.0 = Debug|Any CPU
		{1C3AFC5F-80F2-4607-AA94-2E9678B4C0A0}.Release|Any CPU.ActiveCfg = Release|Any CPU
		{1C3AFC5F-80F2-4607-AA94-2E9678B4C0A0}.Release|Any CPU.Build.0 = Release|Any CPU
		{3CC70C2F-22AF-455B-983E-F81901007EDB}.Debug|Any CPU.ActiveCfg = Debug|Any CPU
		{3CC70C2F-22AF-455B-983E-F81901007EDB}.Debug|Any CPU.Build.0 = Debug|Any CPU
		{3CC70C2F-22AF-455B-983E-F81901007EDB}.Release|Any CPU.ActiveCfg = Release|Any CPU
		{3CC70C2F-22AF-455B-983E-F81901007EDB}.Release|Any CPU.Build.0 = Release|Any CPU
		{5E660809-60A4-4E11-ABD5-EED078FD7D27}.Debug|Any CPU.ActiveCfg = Debug|Any CPU
		{5E660809-60A4-4E11-ABD5-EED078FD7D27}.Debug|Any CPU.Build.0 = Debug|Any CPU
		{5E660809-60A4-4E11-ABD5-EED078FD7D27}.Release|Any CPU.ActiveCfg = Release|Any CPU
		{5E660809-60A4-4E11-ABD5-EED078FD7D27}.Release|Any CPU.Build.0 = Release|Any CPU
		{9CE2C7B1-4AA1-4825-A977-2CD7248395EE}.Debug|Any CPU.ActiveCfg = Debug|Any CPU
		{9CE2C7B1-4AA1-4825-A977-2CD7248395EE}.Debug|Any CPU.Build.0 = Debug|Any CPU
		{9CE2C7B1-4AA1-4825-A977-2CD7248395EE}.Release|Any CPU.ActiveCfg = Release|Any CPU
		{9CE2C7B1-4AA1-4825-A977-2CD7248395EE}.Release|Any CPU.Build.0 = Release|Any CPU
		{2BFA40AF-17D2-43F7-A790-580F8EDDE2A2}.Debug|Any CPU.ActiveCfg = Debug|Any CPU
		{2BFA40AF-17D2-43F7-A790-580F8EDDE2A2}.Debug|Any CPU.Build.0 = Debug|Any CPU
		{2BFA40AF-17D2-43F7-A790-580F8EDDE2A2}.Release|Any CPU.ActiveCfg = Release|Any CPU
		{2BFA40AF-17D2-43F7-A790-580F8EDDE2A2}.Release|Any CPU.Build.0 = Release|Any CPU
	EndGlobalSection
	GlobalSection(SolutionProperties) = preSolution
		HideSolutionNode = FALSE
	EndGlobalSection
	GlobalSection(ExtensibilityGlobals) = postSolution
		SolutionGuid = {7B6A7FE2-D88B-46AE-B0D1-5BA786EDEF13}
	EndGlobalSection
EndGlobal
